
Microsoft Visual Studio Solution File, Format Version 12.00
# Visual Studio Version 17
VisualStudioVersion = 17.8.34408.163
MinimumVisualStudioVersion = 10.0.40219.1
Project("{9A19103F-16F7-4668-BE54-9A1E7A4F7556}") = "RewardRunAPI", "RewardRunAPI\RewardRunAPI.csproj", "{E2E056A9-36FF-4A47-A671-FCB48C736827}"
EndProject
Project("{FAE04EC0-301F-11D3-BF4B-00C04F79EFBC}") = "Infraestrutura", "Infraestrutura\Infraestrutura.csproj", "{4F4D979C-153D-491F-B3EE-29C981F8A1D6}"
EndProject
Global
	GlobalSection(SolutionConfigurationPlatforms) = preSolution
		Debug|Any CPU = Debug|Any CPU
		Release|Any CPU = Release|Any CPU
	EndGlobalSection
	GlobalSection(ProjectConfigurationPlatforms) = postSolution
		{E2E056A9-36FF-4A47-A671-FCB48C736827}.Debug|Any CPU.ActiveCfg = Debug|Any CPU
		{E2E056A9-36FF-4A47-A671-FCB48C736827}.Debug|Any CPU.Build.0 = Debug|Any CPU
		{E2E056A9-36FF-4A47-A671-FCB48C736827}.Release|Any CPU.ActiveCfg = Release|Any CPU
		{E2E056A9-36FF-4A47-A671-FCB48C736827}.Release|Any CPU.Build.0 = Release|Any CPU
		{4F4D979C-153D-491F-B3EE-29C981F8A1D6}.Debug|Any CPU.ActiveCfg = Debug|Any CPU
		{4F4D979C-153D-491F-B3EE-29C981F8A1D6}.Debug|Any CPU.Build.0 = Debug|Any CPU
		{4F4D979C-153D-491F-B3EE-29C981F8A1D6}.Release|Any CPU.ActiveCfg = Release|Any CPU
		{4F4D979C-153D-491F-B3EE-29C981F8A1D6}.Release|Any CPU.Build.0 = Release|Any CPU
	EndGlobalSection
	GlobalSection(SolutionProperties) = preSolution
		HideSolutionNode = FALSE
	EndGlobalSection
	GlobalSection(ExtensibilityGlobals) = postSolution
		SolutionGuid = {68A3F569-9DB0-40C6-B5B1-5A8B643214E0}
	EndGlobalSection
EndGlobal
